
Microsoft Visual Studio Solution File, Format Version 12.00
# Visual Studio 2013
VisualStudioVersion = 12.0.30723.0
MinimumVisualStudioVersion = 10.0.40219.1
Project("{FAE04EC0-301F-11D3-BF4B-00C04F79EFBC}") = "RedisForNet", "RedisForNet\RedisForNet.csproj", "{8ABF8AC8-2BC2-4C88-8150-3A6D0C26D17C}"
EndProject
Project("{FAE04EC0-301F-11D3-BF4B-00C04F79EFBC}") = "Xu.Redis", "Xu.Redis\Xu.Redis.csproj", "{4130CE8D-48DE-4E3C-99E8-B6F33CBDF7D5}"
EndProject
Project("{FAE04EC0-301F-11D3-BF4B-00C04F79EFBC}") = "Xu.Redis.Test", "Xu.Redis.Test\Xu.Redis.Test.csproj", "{FE71DE3C-0E6D-466B-87C6-E099334483E1}"
EndProject
Global
	GlobalSection(SolutionConfigurationPlatforms) = preSolution
		Debug|Any CPU = Debug|Any CPU
		Release|Any CPU = Release|Any CPU
	EndGlobalSection
	GlobalSection(ProjectConfigurationPlatforms) = postSolution
		{8ABF8AC8-2BC2-4C88-8150-3A6D0C26D17C}.Debug|Any CPU.ActiveCfg = Debug|Any CPU
		{8ABF8AC8-2BC2-4C88-8150-3A6D0C26D17C}.Debug|Any CPU.Build.0 = Debug|Any CPU
		{8ABF8AC8-2BC2-4C88-8150-3A6D0C26D17C}.Release|Any CPU.ActiveCfg = Release|Any CPU
		{8ABF8AC8-2BC2-4C88-8150-3A6D0C26D17C}.Release|Any CPU.Build.0 = Release|Any CPU
		{4130CE8D-48DE-4E3C-99E8-B6F33CBDF7D5}.Debug|Any CPU.ActiveCfg = Debug|Any CPU
		{4130CE8D-48DE-4E3C-99E8-B6F33CBDF7D5}.Debug|Any CPU.Build.0 = Debug|Any CPU
		{4130CE8D-48DE-4E3C-99E8-B6F33CBDF7D5}.Release|Any CPU.ActiveCfg = Release|Any CPU
		{4130CE8D-48DE-4E3C-99E8-B6F33CBDF7D5}.Release|Any CPU.Build.0 = Release|Any CPU
		{FE71DE3C-0E6D-466B-87C6-E099334483E1}.Debug|Any CPU.ActiveCfg = Debug|Any CPU
		{FE71DE3C-0E6D-466B-87C6-E099334483E1}.Debug|Any CPU.Build.0 = Debug|Any CPU
		{FE71DE3C-0E6D-466B-87C6-E099334483E1}.Release|Any CPU.ActiveCfg = Release|Any CPU
		{FE71DE3C-0E6D-466B-87C6-E099334483E1}.Release|Any CPU.Build.0 = Release|Any CPU
	EndGlobalSection
	GlobalSection(SolutionProperties) = preSolution
		HideSolutionNode = FALSE
	EndGlobalSection
EndGlobal
